# THIS IS AN AUTOGENERATED FILE. DO NOT EDIT THIS FILE DIRECTLY.
# yarn lockfile v1


"@types/orderedmap@*":
  version "1.0.0"
  resolved "https://registry.yarnpkg.com/@types/orderedmap/-/orderedmap-1.0.0.tgz#807455a192bba52cbbb4517044bc82bdbfa8c596"
  integrity sha512-dxKo80TqYx3YtBipHwA/SdFmMMyLCnP+5mkEqN0eMjcTBzHkiiX0ES118DsjDBjvD+zeSsSU9jULTZ+frog+Gw==

"@types/prosemirror-model@^1.16.2":
  version "1.16.2"
  resolved "https://registry.yarnpkg.com/@types/prosemirror-model/-/prosemirror-model-1.16.2.tgz#8896adac3a5d5d66f06491bb13940aa734a7b6e8"
  integrity sha512-1XPJopkKP3oHSBP61uuSuW13DIDZPWvAzP6Pv2/6mixk8EBPUeRGIW548DjJTicMo23gEg1zvCZy9asblQdWag==
  dependencies:
    "@types/orderedmap" "*"
